
Microsoft Visual Studio Solution File, Format Version 12.00
# Visual Studio Version 16
VisualStudioVersion = 16.0.30621.155
MinimumVisualStudioVersion = 10.0.40219.1
Project("{2150E333-8FDC-42A3-9474-1A3956D46DE8}") = "src", "src", "{AE3036C3-18EC-4C05-B0EA-68691E726947}"
EndProject
Project("{2150E333-8FDC-42A3-9474-1A3956D46DE8}") = "test", "test", "{254A7A00-80AB-41B1-A2D1-0A9B43471C11}"
EndProject
Project("{9A19103F-16F7-4668-BE54-9A1E7A4F7556}") = "Basket.API", "src\Basket.API\Basket.API.csproj", "{DB669F82-0048-4F5F-81DE-89BC6AECF3E4}"
EndProject
Project("{9A19103F-16F7-4668-BE54-9A1E7A4F7556}") = "Basket.Application", "src\Basket.Application\Basket.Application.csproj", "{44A5A1DF-063B-4464-A0B3-CE5048D6F563}"
EndProject
Project("{9A19103F-16F7-4668-BE54-9A1E7A4F7556}") = "Basket.Core", "src\Basket.Core\Basket.Core.csproj", "{DE41550B-2AD1-4CA6-8284-354DF8E34DE7}"
EndProject
Project("{9A19103F-16F7-4668-BE54-9A1E7A4F7556}") = "Basket.Infrastructure", "src\Basket.Infrastructure\Basket.Infrastructure.csproj", "{54E301AB-A798-4B4F-9053-EF3D960E6BC5}"
EndProject
Project("{9A19103F-16F7-4668-BE54-9A1E7A4F7556}") = "Basket.Application.UnitTests", "test\Basket.Application.UnitTests\Basket.Application.UnitTests.csproj", "{BD1C3DCC-5479-4B81-8D36-864927E9E701}"
EndProject
Project("{E53339B2-1760-4266-BCC7-CA923CBCF16C}") = "docker-compose", "docker-compose.dcproj", "{868E0712-9540-4305-9600-2104A783E290}"
EndProject
Global
	GlobalSection(SolutionConfigurationPlatforms) = preSolution
		Debug|Any CPU = Debug|Any CPU
		Release|Any CPU = Release|Any CPU
	EndGlobalSection
	GlobalSection(ProjectConfigurationPlatforms) = postSolution
		{DB669F82-0048-4F5F-81DE-89BC6AECF3E4}.Debug|Any CPU.ActiveCfg = Debug|Any CPU
		{DB669F82-0048-4F5F-81DE-89BC6AECF3E4}.Debug|Any CPU.Build.0 = Debug|Any CPU
		{DB669F82-0048-4F5F-81DE-89BC6AECF3E4}.Release|Any CPU.ActiveCfg = Release|Any CPU
		{DB669F82-0048-4F5F-81DE-89BC6AECF3E4}.Release|Any CPU.Build.0 = Release|Any CPU
		{44A5A1DF-063B-4464-A0B3-CE5048D6F563}.Debug|Any CPU.ActiveCfg = Debug|Any CPU
		{44A5A1DF-063B-4464-A0B3-CE5048D6F563}.Debug|Any CPU.Build.0 = Debug|Any CPU
		{44A5A1DF-063B-4464-A0B3-CE5048D6F563}.Release|Any CPU.ActiveCfg = Release|Any CPU
		{44A5A1DF-063B-4464-A0B3-CE5048D6F563}.Release|Any CPU.Build.0 = Release|Any CPU
		{DE41550B-2AD1-4CA6-8284-354DF8E34DE7}.Debug|Any CPU.ActiveCfg = Debug|Any CPU
		{DE41550B-2AD1-4CA6-8284-354DF8E34DE7}.Debug|Any CPU.Build.0 = Debug|Any CPU
		{DE41550B-2AD1-4CA6-8284-354DF8E34DE7}.Release|Any CPU.ActiveCfg = Release|Any CPU
		{DE41550B-2AD1-4CA6-8284-354DF8E34DE7}.Release|Any CPU.Build.0 = Release|Any CPU
		{54E301AB-A798-4B4F-9053-EF3D960E6BC5}.Debug|Any CPU.ActiveCfg = Debug|Any CPU
		{54E301AB-A798-4B4F-9053-EF3D960E6BC5}.Debug|Any CPU.Build.0 = Debug|Any CPU
		{54E301AB-A798-4B4F-9053-EF3D960E6BC5}.Release|Any CPU.ActiveCfg = Release|Any CPU
		{54E301AB-A798-4B4F-9053-EF3D960E6BC5}.Release|Any CPU.Build.0 = Release|Any CPU
		{BD1C3DCC-5479-4B81-8D36-864927E9E701}.Debug|Any CPU.ActiveCfg = Debug|Any CPU
		{BD1C3DCC-5479-4B81-8D36-864927E9E701}.Debug|Any CPU.Build.0 = Debug|Any CPU
		{BD1C3DCC-5479-4B81-8D36-864927E9E701}.Release|Any CPU.ActiveCfg = Release|Any CPU
		{BD1C3DCC-5479-4B81-8D36-864927E9E701}.Release|Any CPU.Build.0 = Release|Any CPU
		{868E0712-9540-4305-9600-2104A783E290}.Debug|Any CPU.ActiveCfg = Debug|Any CPU
		{868E0712-9540-4305-9600-2104A783E290}.Debug|Any CPU.Build.0 = Debug|Any CPU
		{868E0712-9540-4305-9600-2104A783E290}.Release|Any CPU.ActiveCfg = Release|Any CPU
		{868E0712-9540-4305-9600-2104A783E290}.Release|Any CPU.Build.0 = Release|Any CPU
	EndGlobalSection
	GlobalSection(SolutionProperties) = preSolution
		HideSolutionNode = FALSE
	EndGlobalSection
	GlobalSection(NestedProjects) = preSolution
		{DB669F82-0048-4F5F-81DE-89BC6AECF3E4} = {AE3036C3-18EC-4C05-B0EA-68691E726947}
		{44A5A1DF-063B-4464-A0B3-CE5048D6F563} = {AE3036C3-18EC-4C05-B0EA-68691E726947}
		{DE41550B-2AD1-4CA6-8284-354DF8E34DE7} = {AE3036C3-18EC-4C05-B0EA-68691E726947}
		{54E301AB-A798-4B4F-9053-EF3D960E6BC5} = {AE3036C3-18EC-4C05-B0EA-68691E726947}
		{BD1C3DCC-5479-4B81-8D36-864927E9E701} = {254A7A00-80AB-41B1-A2D1-0A9B43471C11}
	EndGlobalSection
	GlobalSection(ExtensibilityGlobals) = postSolution
		SolutionGuid = {AD29BA14-176A-482E-81AC-5744E2E8A7F7}
	EndGlobalSection
EndGlobal
